
Microsoft Visual Studio Solution File, Format Version 12.00
# Visual Studio Version 17
VisualStudioVersion = 17.14.36705.20
MinimumVisualStudioVersion = 10.0.40219.1
Project("{FAE04EC0-301F-11D3-BF4B-00C04F79EFBC}") = "SGCM.Data", "SGCM.Data\SGCM.Data.csproj", "{6B0D8805-B10E-4280-8167-3B19FD779516}"
EndProject
Project("{FAE04EC0-301F-11D3-BF4B-00C04F79EFBC}") = "SGCM.Test", "SGCM.Test\SGCM.Test.csproj", "{34223332-9B33-4450-8894-93E3C7183F94}"
EndProject
Project("{FAE04EC0-301F-11D3-BF4B-00C04F79EFBC}") = "SGCM", "SGCM\SGCM.csproj", "{363C9211-3549-4C6C-BF9C-31FA22F63F67}"
EndProject
Global
	GlobalSection(SolutionConfigurationPlatforms) = preSolution
		Debug|Any CPU = Debug|Any CPU
		Release|Any CPU = Release|Any CPU
	EndGlobalSection
	GlobalSection(ProjectConfigurationPlatforms) = postSolution
		{6B0D8805-B10E-4280-8167-3B19FD779516}.Debug|Any CPU.ActiveCfg = Debug|Any CPU
		{6B0D8805-B10E-4280-8167-3B19FD779516}.Debug|Any CPU.Build.0 = Debug|Any CPU
		{6B0D8805-B10E-4280-8167-3B19FD779516}.Release|Any CPU.ActiveCfg = Release|Any CPU
		{6B0D8805-B10E-4280-8167-3B19FD779516}.Release|Any CPU.Build.0 = Release|Any CPU
		{34223332-9B33-4450-8894-93E3C7183F94}.Debug|Any CPU.ActiveCfg = Debug|Any CPU
		{34223332-9B33-4450-8894-93E3C7183F94}.Debug|Any CPU.Build.0 = Debug|Any CPU
		{34223332-9B33-4450-8894-93E3C7183F94}.Release|Any CPU.ActiveCfg = Release|Any CPU
		{34223332-9B33-4450-8894-93E3C7183F94}.Release|Any CPU.Build.0 = Release|Any CPU
		{363C9211-3549-4C6C-BF9C-31FA22F63F67}.Debug|Any CPU.ActiveCfg = Debug|Any CPU
		{363C9211-3549-4C6C-BF9C-31FA22F63F67}.Debug|Any CPU.Build.0 = Debug|Any CPU
		{363C9211-3549-4C6C-BF9C-31FA22F63F67}.Release|Any CPU.ActiveCfg = Release|Any CPU
		{363C9211-3549-4C6C-BF9C-31FA22F63F67}.Release|Any CPU.Build.0 = Release|Any CPU
	EndGlobalSection
	GlobalSection(SolutionProperties) = preSolution
		HideSolutionNode = FALSE
	EndGlobalSection
	GlobalSection(ExtensibilityGlobals) = postSolution
		SolutionGuid = {61115685-FCDA-49C8-8A87-D461590C9595}
	EndGlobalSection
EndGlobal
